# This file is automatically @generated by Cargo.
# It is not intended for manual editing.
[[package]]
name = "ansi_term"
version = "0.12.1"
source = "registry+https://github.com/rust-lang/crates.io-index"
checksum = "d52a9bb7ec0cf484c551830a7ce27bd20d67eac647e1befb56b0be4ee39a55d2"
dependencies = [
 "winapi",
]

[[package]]
name = "convert_case"
version = "0.4.0"
source = "registry+https://github.com/rust-lang/crates.io-index"
checksum = "6245d59a3e82a7fc217c5828a6692dbc6dfb63a0c8c90495621f7b9d79704a0e"

[[package]]
name = "ctor"
version = "0.1.20"
source = "registry+https://github.com/rust-lang/crates.io-index"
checksum = "5e98e2ad1a782e33928b96fc3948e7c355e5af34ba4de7670fe8bac2a3b2006d"
dependencies = [
 "quote",
 "syn",
]

[[package]]
name = "darling"
version = "0.14.0"
source = "registry+https://github.com/rust-lang/crates.io-index"
checksum = "f1a5d2e8b5a94b2261efb20e99a01255b9c5293797d69bbf04600567b2f9b8d7"
dependencies = [
 "darling_core",
 "darling_macro",
]

[[package]]
name = "darling_core"
version = "0.14.0"
source = "registry+https://github.com/rust-lang/crates.io-index"
checksum = "8f1c7d56716be82d9c6adb967cfe700955179ea88806e898483dad6987330a54"
dependencies = [
 "fnv",
 "ident_case",
 "proc-macro2",
 "quote",
 "strsim",
 "syn",
]

[[package]]
name = "darling_macro"
version = "0.14.0"
source = "registry+https://github.com/rust-lang/crates.io-index"
checksum = "64dd7e5a75a00cb6799ae9fbbfc3bba0134def6579a9e27564e72c839c837bed"
dependencies = [
 "darling_core",
 "quote",
 "syn",
]

[[package]]
name = "derive_builder"
version = "0.11.2"
source = "registry+https://github.com/rust-lang/crates.io-index"
checksum = "d07adf7be193b71cc36b193d0f5fe60b918a3a9db4dad0449f57bcfd519704a3"
dependencies = [
 "derive_builder_macro",
]

[[package]]
name = "derive_builder_core"
version = "0.11.2"
source = "registry+https://github.com/rust-lang/crates.io-index"
checksum = "1f91d4cfa921f1c05904dc3c57b4a32c38aed3340cce209f3a6fd1478babafc4"
dependencies = [
 "darling",
 "proc-macro2",
 "quote",
 "syn",
]

[[package]]
name = "derive_builder_macro"
version = "0.11.2"
source = "registry+https://github.com/rust-lang/crates.io-index"
checksum = "8f0314b72bed045f3a68671b3c86328386762c93f82d98c65c3cb5e5f573dd68"
dependencies = [
 "derive_builder_core",
 "syn",
]

[[package]]
name = "derive_more"
version = "0.99.17"
source = "registry+https://github.com/rust-lang/crates.io-index"
checksum = "4fb810d30a7c1953f91334de7244731fc3f3c10d7fe163338a35b9f640960321"
dependencies = [
 "convert_case",
 "proc-macro2",
 "quote",
 "rustc_version",
 "syn",
]

[[package]]
name = "diff"
version = "0.1.12"
source = "registry+https://github.com/rust-lang/crates.io-index"
checksum = "0e25ea47919b1560c4e3b7fe0aaab9becf5b84a10325ddf7db0f0ba5e1026499"

[[package]]
name = "either"
version = "1.6.1"
source = "registry+https://github.com/rust-lang/crates.io-index"
checksum = "e78d4f1cc4ae33bbfc157ed5d5a5ef3bc29227303d595861deb238fcec4e9457"

[[package]]
name = "fmt-iter"
version = "0.2.1"
source = "registry+https://github.com/rust-lang/crates.io-index"
checksum = "d0b9289d76691c7084d8830f1d0a29ddefbad768f8b5f276e012840bb0fca610"
dependencies = [
 "derive_more",
 "itertools",
]

[[package]]
name = "fnv"
version = "1.0.7"
source = "registry+https://github.com/rust-lang/crates.io-index"
checksum = "3f9eec918d3f24069decb9af1554cad7c880e2da24a9afd88aca000531ab82c1"

[[package]]
name = "ident_case"
version = "1.0.1"
source = "registry+https://github.com/rust-lang/crates.io-index"
checksum = "b9e0384b61958566e926dc50660321d12159025e767c18e043daf26b70104c39"

[[package]]
name = "itertools"
version = "0.10.0"
source = "registry+https://github.com/rust-lang/crates.io-index"
checksum = "37d572918e350e82412fe766d24b15e6682fb2ed2bbe018280caa810397cb319"
dependencies = [
 "either",
]

[[package]]
name = "output_vt100"
version = "0.1.2"
source = "registry+https://github.com/rust-lang/crates.io-index"
checksum = "53cdc5b785b7a58c5aad8216b3dfa114df64b0b06ae6e1501cef91df2fbdf8f9"
dependencies = [
 "winapi",
]

[[package]]
name = "pipe-trait"
version = "0.3.2"
source = "registry+https://github.com/rust-lang/crates.io-index"
checksum = "3fd92f5561e74c246a0b7332e09d2364afb40b67d152c4520b3ba2a7d3dea5b3"

[[package]]
name = "pretty_assertions"
version = "0.7.2"
source = "registry+https://github.com/rust-lang/crates.io-index"
checksum = "1cab0e7c02cf376875e9335e0ba1da535775beb5450d21e1dffca068818ed98b"
dependencies = [
 "ansi_term",
 "ctor",
 "diff",
 "output_vt100",
]

[[package]]
name = "proc-macro2"
version = "1.0.37"
source = "registry+https://github.com/rust-lang/crates.io-index"
checksum = "ec757218438d5fda206afc041538b2f6d889286160d649a86a24d37e1235afd1"
dependencies = [
 "unicode-xid",
]

[[package]]
name = "quote"
version = "1.0.18"
source = "registry+https://github.com/rust-lang/crates.io-index"
checksum = "a1feb54ed693b93a84e14094943b84b7c4eae204c512b7ccb95ab0c66d278ad1"
dependencies = [
 "proc-macro2",
]

[[package]]
name = "rustc_version"
version = "0.4.0"
source = "registry+https://github.com/rust-lang/crates.io-index"
checksum = "bfa0f585226d2e68097d4f95d113b15b83a82e819ab25717ec0590d9584ef366"
dependencies = [
 "semver",
]

[[package]]
name = "semver"
version = "1.0.4"
source = "registry+https://github.com/rust-lang/crates.io-index"
checksum = "568a8e6258aa33c13358f81fd834adb854c6f7c9468520910a9b1e8fac068012"

[[package]]
name = "strsim"
version = "0.10.0"
source = "registry+https://github.com/rust-lang/crates.io-index"
checksum = "73473c0e59e6d5812c5dfe2a064a6444949f089e20eec9a2e5506596494e4623"

[[package]]
name = "syn"
version = "1.0.91"
source = "registry+https://github.com/rust-lang/crates.io-index"
checksum = "b683b2b825c8eef438b77c36a06dc262294da3d5a5813fac20da149241dcd44d"
dependencies = [
 "proc-macro2",
 "quote",
 "unicode-xid",
]

[[package]]
name = "unicode-width"
version = "0.1.9"
source = "registry+https://github.com/rust-lang/crates.io-index"
checksum = "3ed742d4ea2bd1176e236172c8429aaf54486e7ac098db29ffe6529e0ce50973"

[[package]]
name = "unicode-xid"
version = "0.2.2"
source = "registry+https://github.com/rust-lang/crates.io-index"
checksum = "8ccb82d61f80a663efe1f787a51b16b5a51e3314d6ac365b08639f52387b33f3"

[[package]]
name = "winapi"
version = "0.3.9"
source = "registry+https://github.com/rust-lang/crates.io-index"
checksum = "5c839a674fcd7a98952e593242ea400abe93992746761e38641405d28b00f419"
dependencies = [
 "winapi-i686-pc-windows-gnu",
 "winapi-x86_64-pc-windows-gnu",
]

[[package]]
name = "winapi-i686-pc-windows-gnu"
version = "0.4.0"
source = "registry+https://github.com/rust-lang/crates.io-index"
checksum = "ac3b87c63620426dd9b991e5ce0329eff545bccbbb34f3be09ff6fb6ab51b7b6"

[[package]]
name = "winapi-x86_64-pc-windows-gnu"
version = "0.4.0"
source = "registry+https://github.com/rust-lang/crates.io-index"
checksum = "712e227841d057c1ee1cd2fb22fa7e5a5461ae8e48fa2ca79ec42cfc1931183f"

[[package]]
name = "zero-copy-pads"
version = "0.2.0"
dependencies = [
 "derive_builder",
 "derive_more",
 "fmt-iter",
 "pipe-trait",
 "pretty_assertions",
 "unicode-width",
]
